
Microsoft Visual Studio Solution File, Format Version 12.00
# Visual Studio Version 17
VisualStudioVersion = 17.3.32819.101
MinimumVisualStudioVersion = 10.0.40219.1
Project("{9A19103F-16F7-4668-BE54-9A1E7A4F7556}") = "ProductStoreClient", "ProductStoreClient.csproj", "{D536E9DB-B498-4BD1-92F9-09E3DC89C13E}"
EndProject
Global
	GlobalSection(SolutionConfigurationPlatforms) = preSolution
		Debug|Any CPU = Debug|Any CPU
		Release|Any CPU = Release|Any CPU
	EndGlobalSection
	GlobalSection(ProjectConfigurationPlatforms) = postSolution
		{D536E9DB-B498-4BD1-92F9-09E3DC89C13E}.Debug|Any CPU.ActiveCfg = Debug|Any CPU
		{D536E9DB-B498-4BD1-92F9-09E3DC89C13E}.Debug|Any CPU.Build.0 = Debug|Any CPU
		{D536E9DB-B498-4BD1-92F9-09E3DC89C13E}.Release|Any CPU.ActiveCfg = Release|Any CPU
		{D536E9DB-B498-4BD1-92F9-09E3DC89C13E}.Release|Any CPU.Build.0 = Release|Any CPU
	EndGlobalSection
	GlobalSection(SolutionProperties) = preSolution
		HideSolutionNode = FALSE
	EndGlobalSection
	GlobalSection(ExtensibilityGlobals) = postSolution
		SolutionGuid = {028A64EE-3B1F-49F5-A701-51E6CAAF4CF2}
	EndGlobalSection
EndGlobal
