
Microsoft Visual Studio Solution File, Format Version 12.00
# Visual Studio Version 17
VisualStudioVersion = 17.3.32819.101
MinimumVisualStudioVersion = 10.0.40219.1
Project("{FAE04EC0-301F-11D3-BF4B-00C04F79EFBC}") = "任务并行库", "任务并行库.csproj", "{6BF96B90-2B03-435E-BC0D-CC9F3B78BDAE}"
EndProject
Global
	GlobalSection(SolutionConfigurationPlatforms) = preSolution
		Debug|Any CPU = Debug|Any CPU
		Release|Any CPU = Release|Any CPU
	EndGlobalSection
	GlobalSection(ProjectConfigurationPlatforms) = postSolution
		{6BF96B90-2B03-435E-BC0D-CC9F3B78BDAE}.Debug|Any CPU.ActiveCfg = Debug|Any CPU
		{6BF96B90-2B03-435E-BC0D-CC9F3B78BDAE}.Debug|Any CPU.Build.0 = Debug|Any CPU
		{6BF96B90-2B03-435E-BC0D-CC9F3B78BDAE}.Release|Any CPU.ActiveCfg = Release|Any CPU
		{6BF96B90-2B03-435E-BC0D-CC9F3B78BDAE}.Release|Any CPU.Build.0 = Release|Any CPU
	EndGlobalSection
	GlobalSection(SolutionProperties) = preSolution
		HideSolutionNode = FALSE
	EndGlobalSection
	GlobalSection(ExtensibilityGlobals) = postSolution
		SolutionGuid = {745BC1B8-7EFA-4FEA-A0D6-5D3B998B6289}
	EndGlobalSection
EndGlobal
